
Microsoft Visual Studio Solution File, Format Version 12.00
# Visual Studio Version 17
VisualStudioVersion = 17.5.002.0
MinimumVisualStudioVersion = 10.0.40219.1
Project("{9A19103F-16F7-4668-BE54-9A1E7A4F7556}") = "ejercicio1", "ejercicio1.csproj", "{1B1171AC-6F91-4211-A5EE-7211F3D8BC69}"
EndProject
Global
	GlobalSection(SolutionConfigurationPlatforms) = preSolution
		Debug|Any CPU = Debug|Any CPU
		Release|Any CPU = Release|Any CPU
	EndGlobalSection
	GlobalSection(ProjectConfigurationPlatforms) = postSolution
		{1B1171AC-6F91-4211-A5EE-7211F3D8BC69}.Debug|Any CPU.ActiveCfg = Debug|Any CPU
		{1B1171AC-6F91-4211-A5EE-7211F3D8BC69}.Debug|Any CPU.Build.0 = Debug|Any CPU
		{1B1171AC-6F91-4211-A5EE-7211F3D8BC69}.Release|Any CPU.ActiveCfg = Release|Any CPU
		{1B1171AC-6F91-4211-A5EE-7211F3D8BC69}.Release|Any CPU.Build.0 = Release|Any CPU
	EndGlobalSection
	GlobalSection(SolutionProperties) = preSolution
		HideSolutionNode = FALSE
	EndGlobalSection
	GlobalSection(ExtensibilityGlobals) = postSolution
		SolutionGuid = {C65371EB-2449-403E-96D5-F42F70B809AD}
	EndGlobalSection
EndGlobal
